
Microsoft Visual Studio Solution File, Format Version 12.00
# Visual Studio Version 16
VisualStudioVersion = 16.0.31829.152
MinimumVisualStudioVersion = 10.0.40219.1
Project("{9A19103F-16F7-4668-BE54-9A1E7A4F7556}") = "DjValetingCarBookingApp.Core", "DjValetingCarBookingApp.Core\DjValetingCarBookingApp.Core.csproj", "{FF5B1908-1A2F-4C83-BFFE-F4121A92DD82}"
EndProject
Project("{9A19103F-16F7-4668-BE54-9A1E7A4F7556}") = "DjValetingCarBookingApp.Repository", "DjValetingCarBookingApp.Repository\DjValetingCarBookingApp.Repository.csproj", "{B6230739-CEE7-4556-9DF4-7831460C2D74}"
EndProject
Project("{9A19103F-16F7-4668-BE54-9A1E7A4F7556}") = "DjValetingCarBookingApp.Service", "DjValetingCarBookingApp.Service\DjValetingCarBookingApp.Service.csproj", "{0BBDBE02-C2AD-4D76-AC4A-F2F7134D0FC8}"
EndProject
Project("{9A19103F-16F7-4668-BE54-9A1E7A4F7556}") = "DjValetingCarBookingApp.API", "DjValetingCarBookingApp.API\DjValetingCarBookingApp.API.csproj", "{A5C914D9-F949-4803-89BB-40B4DA340675}"
EndProject
Project("{9A19103F-16F7-4668-BE54-9A1E7A4F7556}") = "DjValetingCarBookingApp.WebUI", "DjValetingCarBookingApp.WebUI\DjValetingCarBookingApp.WebUI.csproj", "{48653654-680B-4190-BB33-ED424A24C48B}"
EndProject
Global
	GlobalSection(SolutionConfigurationPlatforms) = preSolution
		Debug|Any CPU = Debug|Any CPU
		Release|Any CPU = Release|Any CPU
	EndGlobalSection
	GlobalSection(ProjectConfigurationPlatforms) = postSolution
		{FF5B1908-1A2F-4C83-BFFE-F4121A92DD82}.Debug|Any CPU.ActiveCfg = Debug|Any CPU
		{FF5B1908-1A2F-4C83-BFFE-F4121A92DD82}.Debug|Any CPU.Build.0 = Debug|Any CPU
		{FF5B1908-1A2F-4C83-BFFE-F4121A92DD82}.Release|Any CPU.ActiveCfg = Release|Any CPU
		{FF5B1908-1A2F-4C83-BFFE-F4121A92DD82}.Release|Any CPU.Build.0 = Release|Any CPU
		{B6230739-CEE7-4556-9DF4-7831460C2D74}.Debug|Any CPU.ActiveCfg = Debug|Any CPU
		{B6230739-CEE7-4556-9DF4-7831460C2D74}.Debug|Any CPU.Build.0 = Debug|Any CPU
		{B6230739-CEE7-4556-9DF4-7831460C2D74}.Release|Any CPU.ActiveCfg = Release|Any CPU
		{B6230739-CEE7-4556-9DF4-7831460C2D74}.Release|Any CPU.Build.0 = Release|Any CPU
		{0BBDBE02-C2AD-4D76-AC4A-F2F7134D0FC8}.Debug|Any CPU.ActiveCfg = Debug|Any CPU
		{0BBDBE02-C2AD-4D76-AC4A-F2F7134D0FC8}.Debug|Any CPU.Build.0 = Debug|Any CPU
		{0BBDBE02-C2AD-4D76-AC4A-F2F7134D0FC8}.Release|Any CPU.ActiveCfg = Release|Any CPU
		{0BBDBE02-C2AD-4D76-AC4A-F2F7134D0FC8}.Release|Any CPU.Build.0 = Release|Any CPU
		{A5C914D9-F949-4803-89BB-40B4DA340675}.Debug|Any CPU.ActiveCfg = Debug|Any CPU
		{A5C914D9-F949-4803-89BB-40B4DA340675}.Debug|Any CPU.Build.0 = Debug|Any CPU
		{A5C914D9-F949-4803-89BB-40B4DA340675}.Release|Any CPU.ActiveCfg = Release|Any CPU
		{A5C914D9-F949-4803-89BB-40B4DA340675}.Release|Any CPU.Build.0 = Release|Any CPU
		{48653654-680B-4190-BB33-ED424A24C48B}.Debug|Any CPU.ActiveCfg = Debug|Any CPU
		{48653654-680B-4190-BB33-ED424A24C48B}.Debug|Any CPU.Build.0 = Debug|Any CPU
		{48653654-680B-4190-BB33-ED424A24C48B}.Release|Any CPU.ActiveCfg = Release|Any CPU
		{48653654-680B-4190-BB33-ED424A24C48B}.Release|Any CPU.Build.0 = Release|Any CPU
	EndGlobalSection
	GlobalSection(SolutionProperties) = preSolution
		HideSolutionNode = FALSE
	EndGlobalSection
	GlobalSection(ExtensibilityGlobals) = postSolution
		SolutionGuid = {1C3566EB-169D-4850-9FB2-83283B3EF7E6}
	EndGlobalSection
EndGlobal
